
Microsoft Visual Studio Solution File, Format Version 12.00
# Visual Studio Version 16
VisualStudioVersion = 16.0.30717.126
MinimumVisualStudioVersion = 10.0.40219.1
Project("{FAE04EC0-301F-11D3-BF4B-00C04F79EFBC}") = "AmazonS3CSVGridData", "AmazonS3CSVGridData.csproj", "{8C7E4645-55E6-4271-BA81-940A0F4256D4}"
EndProject
Global
	GlobalSection(SolutionConfigurationPlatforms) = preSolution
		Debug|Any CPU = Debug|Any CPU
		Release|Any CPU = Release|Any CPU
	EndGlobalSection
	GlobalSection(ProjectConfigurationPlatforms) = postSolution
		{8C7E4645-55E6-4271-BA81-940A0F4256D4}.Debug|Any CPU.ActiveCfg = Debug|Any CPU
		{8C7E4645-55E6-4271-BA81-940A0F4256D4}.Debug|Any CPU.Build.0 = Debug|Any CPU
		{8C7E4645-55E6-4271-BA81-940A0F4256D4}.Release|Any CPU.ActiveCfg = Release|Any CPU
		{8C7E4645-55E6-4271-BA81-940A0F4256D4}.Release|Any CPU.Build.0 = Release|Any CPU
	EndGlobalSection
	GlobalSection(SolutionProperties) = preSolution
		HideSolutionNode = FALSE
	EndGlobalSection
	GlobalSection(ExtensibilityGlobals) = postSolution
		SolutionGuid = {1C881E06-9FF4-4F7B-BD65-B09E0223A64E}
	EndGlobalSection
EndGlobal
